
Microsoft Visual Studio Solution File, Format Version 12.00
# Visual Studio Version 17
VisualStudioVersion = 17.7.34031.279
MinimumVisualStudioVersion = 10.0.40219.1
Project("{FAE04EC0-301F-11D3-BF4B-00C04F79EFBC}") = "Task3LargestNumber", "Task3LargestNumber\Task3LargestNumber.csproj", "{2538CEDA-617E-49AC-A3C6-BBE1315FA5C9}"
EndProject
Global
	GlobalSection(SolutionConfigurationPlatforms) = preSolution
		Debug|Any CPU = Debug|Any CPU
		Release|Any CPU = Release|Any CPU
	EndGlobalSection
	GlobalSection(ProjectConfigurationPlatforms) = postSolution
		{2538CEDA-617E-49AC-A3C6-BBE1315FA5C9}.Debug|Any CPU.ActiveCfg = Debug|Any CPU
		{2538CEDA-617E-49AC-A3C6-BBE1315FA5C9}.Debug|Any CPU.Build.0 = Debug|Any CPU
		{2538CEDA-617E-49AC-A3C6-BBE1315FA5C9}.Release|Any CPU.ActiveCfg = Release|Any CPU
		{2538CEDA-617E-49AC-A3C6-BBE1315FA5C9}.Release|Any CPU.Build.0 = Release|Any CPU
	EndGlobalSection
	GlobalSection(SolutionProperties) = preSolution
		HideSolutionNode = FALSE
	EndGlobalSection
	GlobalSection(ExtensibilityGlobals) = postSolution
		SolutionGuid = {2C9173D2-99DF-4818-9955-C99651975928}
	EndGlobalSection
EndGlobal
